PODS:
  - Alamofire (5.2.2)
  - SwiftLint (0.40.0)

DEPENDENCIES:
  - Alamofire
  - SwiftLint

SPEC REPOS:
  trunk:
    - Alamofire
    - SwiftLint

SPEC CHECKSUMS:
  Alamofire: 814429acc853c6c54ff123fc3d2ef66803823ce0
  SwiftLint: 4154893c73a4c52d6240195507eb7a3e3c64087e

PODFILE CHECKSUM: 0460f15cc9d6a3027413626acd8c9be867a6fb36

COCOAPODS: 1.9.3
